
Microsoft Visual Studio Solution File, Format Version 12.00
# Visual Studio Version 16
VisualStudioVersion = 16.0.31005.135
MinimumVisualStudioVersion = 10.0.40219.1
Project("{FAE04EC0-301F-11D3-BF4B-00C04F79EFBC}") = "CRUDcompleto", "CRUDcompleto.csproj", "{711B0C7A-84FC-4A69-8631-42F14EFE2B47}"
EndProject
Global
	GlobalSection(SolutionConfigurationPlatforms) = preSolution
		Debug|Any CPU = Debug|Any CPU
		Release|Any CPU = Release|Any CPU
	EndGlobalSection
	GlobalSection(ProjectConfigurationPlatforms) = postSolution
		{711B0C7A-84FC-4A69-8631-42F14EFE2B47}.Debug|Any CPU.ActiveCfg = Debug|Any CPU
		{711B0C7A-84FC-4A69-8631-42F14EFE2B47}.Debug|Any CPU.Build.0 = Debug|Any CPU
		{711B0C7A-84FC-4A69-8631-42F14EFE2B47}.Release|Any CPU.ActiveCfg = Release|Any CPU
		{711B0C7A-84FC-4A69-8631-42F14EFE2B47}.Release|Any CPU.Build.0 = Release|Any CPU
	EndGlobalSection
	GlobalSection(SolutionProperties) = preSolution
		HideSolutionNode = FALSE
	EndGlobalSection
	GlobalSection(ExtensibilityGlobals) = postSolution
		SolutionGuid = {BF73B4C3-CD63-44B4-95C7-0C97D683A867}
	EndGlobalSection
EndGlobal
